// !$*UTF8*$!
{
	archiveVersion = 1;
	classes = {
	};
	objectVersion = 77;
	objects = {

/* Begin PBXContainerItemProxy section */
		FACCD9BB2CCAAFE1001DA47C /* PBXContainerItemProxy */ = {
			isa = PBXContainerItemProxy;
			containerPortal = FACCD9A22CCAAFDF001DA47C /* Project object */;
			proxyType = 1;
			remoteGlobalIDString = FACCD9A92CCAAFDF001DA47C;
			remoteInfo = lidarTest;
		};
		FACCD9C52CCAAFE1001DA47C /* PBXContainerItemProxy */ = {
			isa = PBXContainerItemProxy;
			containerPortal = FACCD9A22CCAAFDF001DA47C /* Project object */;
			proxyType = 1;
			remoteGlobalIDString = FACCD9A92CCAAFDF001DA47C;
			remoteInfo = lidarTest;
		};
/* End PBXContainerItemProxy section */

/* Begin PBXFileReference section */
		FACCD9AA2CCAAFDF001DA47C /* lidarTest.app */ = {isa = PBXFileReference; explicitFileType = wrapper.application; includeInIndex = 0; path = lidarTest.app; sourceTree = BUILT_PRODUCTS_DIR; };
		FACCD9BA2CCAAFE1001DA47C /* lidarTestTests.xctest */ = {isa = PBXFileReference; explicitFileType = wrapper.cfbundle; includeInIndex = 0; path = lidarTestTests.xctest; sourceTree = BUILT_PRODUCTS_DIR; };
		FACCD9C42CCAAFE1001DA47C /* lidarTestUITests.xctest */ = {isa = PBXFileReference; explicitFileType = wrapper.cfbundle; includeInIndex = 0; path = lidarTestUITests.xctest; sourceTree = BUILT_PRODUCTS_DIR; };
/* End PBXFileReference section */

/* Begin PBXFileSystemSynchronizedRootGroup section */
		FACCD9AC2CCAAFDF001DA47C /* lidarTest */ = {
			isa = PBXFileSystemSynchronizedRootGroup;
			path = lidarTest;
			sourceTree = "<group>";
		};
		FACCD9BD2CCAAFE1001DA47C /* lidarTestTests */ = {
			isa = PBXFileSystemSynchronizedRootGroup;
			path = lidarTestTests;
			sourceTree = "<group>";
		};
		FACCD9C72CCAAFE1001DA47C /* lidarTestUITests */ = {
			isa = PBXFileSystemSynchronizedRootGroup;
			path = lidarTestUITests;
			sourceTree = "<group>";
		};
/* End PBXFileSystemSynchronizedRootGroup section */

/* Begin PBXFrameworksBuildPhase section */
		FACCD9A72CCAAFDF001DA47C /* Frameworks */ = {
			isa = PBXFrameworksBuildPhase;
			buildActionMask = 2147483647;
			files = (
			);
			runOnlyForDeploymentPostprocessing = 0;
		};
		FACCD9B72CCAAFE1001DA47C /* Frameworks */ = {
			isa = PBXFrameworksBuildPhase;
			buildActionMask = 2147483647;
			files = (
			);
			runOnlyForDeploymentPostprocessing = 0;
		};
		FACCD9C12CCAAFE1001DA47C /* Frameworks */ = {
			isa = PBXFrameworksBuildPhase;
			buildActionMask = 2147483647;
			files = (
			);
			runOnlyForDeploymentPostprocessing = 0;
		};
/* End PBXFrameworksBuildPhase section */

/* Begin PBXGroup section */
		FACCD9A12CCAAFDF001DA47C = {
			isa = PBXGroup;
			children = (
				FACCD9AC2CCAAFDF001DA47C /* lidarTest */,
				FACCD9BD2CCAAFE1001DA47C /* lidarTestTests */,
				FACCD9C72CCAAFE1001DA47C /* lidarTestUITests */,
				FACCD9AB2CCAAFDF001DA47C /* Products */,
			);
			sourceTree = "<group>";
		};
		FACCD9AB2CCAAFDF001DA47C /* Products */ = {
			isa = PBXGroup;
			children = (
				FACCD9AA2CCAAFDF001DA47C /* lidarTest.app */,
				FACCD9BA2CCAAFE1001DA47C /* lidarTestTests.xctest */,
				FACCD9C42CCAAFE1001DA47C /* lidarTestUITests.xctest */,
			);
			name = Products;
			sourceTree = "<group>";
		};
/* End PBXGroup section */

/* Begin PBXNativeTarget section */
		FACCD9A92CCAAFDF001DA47C /* lidarTest */ = {
			isa = PBXNativeTarget;
			buildConfigurationList = FACCD9CE2CCAAFE1001DA47C /* Build configuration list for PBXNativeTarget "lidarTest" */;
			buildPhases = (
				FACCD9A62CCAAFDF001DA47C /* Sources */,
				FACCD9A72CCAAFDF001DA47C /* Frameworks */,
				FACCD9A82CCAAFDF001DA47C /* Resources */,
			);
			buildRules = (
			);
			dependencies = (
			);
			fileSystemSynchronizedGroups = (
				FACCD9AC2CCAAFDF001DA47C /* lidarTest */,
			);
			name = lidarTest;
			packageProductDependencies = (
			);
			productName = lidarTest;
			productReference = FACCD9AA2CCAAFDF001DA47C /* lidarTest.app */;
			productType = "com.apple.product-type.application";
		};
		FACCD9B92CCAAFE1001DA47C /* lidarTestTests */ = {
			isa = PBXNativeTarget;
			buildConfigurationList = FACCD9D12CCAAFE1001DA47C /* Build configuration list for PBXNativeTarget "lidarTestTests" */;
			buildPhases = (
				FACCD9B62CCAAFE1001DA47C /* Sources */,
				FACCD9B72CCAAFE1001DA47C /* Frameworks */,
				FACCD9B82CCAAFE1001DA47C /* Resources */,
			);
			buildRules = (
			);
			dependencies = (
				FACCD9BC2CCAAFE1001DA47C /* PBXTargetDependency */,
			);
			fileSystemSynchronizedGroups = (
				FACCD9BD2CCAAFE1001DA47C /* lidarTestTests */,
			);
			name = lidarTestTests;
			packageProductDependencies = (
			);
			productName = lidarTestTests;
			productReference = FACCD9BA2CCAAFE1001DA47C /* lidarTestTests.xctest */;
			productType = "com.apple.product-type.bundle.unit-test";
		};
		FACCD9C32CCAAFE1001DA47C /* lidarTestUITests */ = {
			isa = PBXNativeTarget;
			buildConfigurationList = FACCD9D42CCAAFE1001DA47C /* Build configuration list for PBXNativeTarget "lidarTestUITests" */;
			buildPhases = (
				FACCD9C02CCAAFE1001DA47C /* Sources */,
				FACCD9C12CCAAFE1001DA47C /* Frameworks */,
				FACCD9C22CCAAFE1001DA47C /* Resources */,
			);
			buildRules = (
			);
			dependencies = (
				FACCD9C62CCAAFE1001DA47C /* PBXTargetDependency */,
			);
			fileSystemSynchronizedGroups = (
				FACCD9C72CCAAFE1001DA47C /* lidarTestUITests */,
			);
			name = lidarTestUITests;
			packageProductDependencies = (
			);
			productName = lidarTestUITests;
			productReference = FACCD9C42CCAAFE1001DA47C /* lidarTestUITests.xctest */;
			productType = "com.apple.product-type.bundle.ui-testing";
		};
/* End PBXNativeTarget section */

/* Begin PBXProject section */
		FACCD9A22CCAAFDF001DA47C /* Project object */ = {
			isa = PBXProject;
			attributes = {
				BuildIndependentTargetsInParallel = 1;
				LastSwiftUpdateCheck = 1600;
				LastUpgradeCheck = 1600;
				TargetAttributes = {
					FACCD9A92CCAAFDF001DA47C = {
						CreatedOnToolsVersion = 16.0;
					};
					FACCD9B92CCAAFE1001DA47C = {
						CreatedOnToolsVersion = 16.0;
						TestTargetID = FACCD9A92CCAAFDF001DA47C;
					};
					FACCD9C32CCAAFE1001DA47C = {
						CreatedOnToolsVersion = 16.0;
						TestTargetID = FACCD9A92CCAAFDF001DA47C;
					};
				};
			};
			buildConfigurationList = FACCD9A52CCAAFDF001DA47C /* Build configuration list for PBXProject "lidarTest" */;
			developmentRegion = en;
			hasScannedForEncodings = 0;
			knownRegions = (
				en,
				Base,
			);
			mainGroup = FACCD9A12CCAAFDF001DA47C;
			minimizedProjectReferenceProxies = 1;
			preferredProjectObjectVersion = 77;
			productRefGroup = FACCD9AB2CCAAFDF001DA47C /* Products */;
			projectDirPath = "";
			projectRoot = "";
			targets = (
				FACCD9A92CCAAFDF001DA47C /* lidarTest */,
				FACCD9B92CCAAFE1001DA47C /* lidarTestTests */,
				FACCD9C32CCAAFE1001DA47C /* lidarTestUITests */,
			);
		};
/* End PBXProject section */

/* Begin PBXResourcesBuildPhase section */
		FACCD9A82CCAAFDF001DA47C /* Resources */ = {
			isa = PBXResourcesBuildPhase;
			buildActionMask = 2147483647;
			files = (
			);
			runOnlyForDeploymentPostprocessing = 0;
		};
		FACCD9B82CCAAFE1001DA47C /* Resources */ = {
			isa = PBXResourcesBuildPhase;
			buildActionMask = 2147483647;
			files = (
			);
			runOnlyForDeploymentPostprocessing = 0;
		};
		FACCD9C22CCAAFE1001DA47C /* Resources */ = {
			isa = PBXResourcesBuildPhase;
			buildActionMask = 2147483647;
			files = (
			);
			runOnlyForDeploymentPostprocessing = 0;
		};
/* End PBXResourcesBuildPhase section */

/* Begin PBXSourcesBuildPhase section */
		FACCD9A62CCAAFDF001DA47C /* Sources */ = {
			isa = PBXSourcesBuildPhase;
			buildActionMask = 2147483647;
			files = (
			);
			runOnlyForDeploymentPostprocessing = 0;
		};
		FACCD9B62CCAAFE1001DA47C /* Sources */ = {
			isa = PBXSourcesBuildPhase;
			buildActionMask = 2147483647;
			files = (
			);
			runOnlyForDeploymentPostprocessing = 0;
		};
		FACCD9C02CCAAFE1001DA47C /* Sources */ = {
			isa = PBXSourcesBuildPhase;
			buildActionMask = 2147483647;
			files = (
			);
			runOnlyForDeploymentPostprocessing = 0;
		};
/* End PBXSourcesBuildPhase section */

/* Begin PBXTargetDependency section */
		FACCD9BC2CCAAFE1001DA47C /* PBXTargetDependency */ = {
			isa = PBXTargetDependency;
			target = FACCD9A92CCAAFDF001DA47C /* lidarTest */;
			targetProxy = FACCD9BB2CCAAFE1001DA47C /* PBXContainerItemProxy */;
		};
		FACCD9C62CCAAFE1001DA47C /* PBXTargetDependency */ = {
			isa = PBXTargetDependency;
			target = FACCD9A92CCAAFDF001DA47C /* lidarTest */;
			targetProxy = FACCD9C52CCAAFE1001DA47C /* PBXContainerItemProxy */;
		};
/* End PBXTargetDependency section */

/* Begin XCBuildConfiguration section */
		FACCD9CC2CCAAFE1001DA47C /* Debug */ = {
			isa = XCBuildConfiguration;
			buildSettings = {
				ALWAYS_SEARCH_USER_PATHS = NO;
				ASSETCATALOG_COMPILER_GENERATE_SWIFT_ASSET_SYMBOL_EXTENSIONS = YES;
				CLANG_ANALYZER_NONNULL = YES;
				CLANG_ANALYZER_NUMBER_OBJECT_CONVERSION = YES_AGGRESSIVE;
				CLANG_CXX_LANGUAGE_STANDARD = "gnu++20";
				CLANG_ENABLE_MODULES = YES;
				CLANG_ENABLE_OBJC_ARC = YES;
				CLANG_ENABLE_OBJC_WEAK = YES;
				CLANG_WARN_BLOCK_CAPTURE_AUTORELEASING = YES;
				CLANG_WARN_BOOL_CONVERSION = YES;
				CLANG_WARN_COMMA = YES;
				CLANG_WARN_CONSTANT_CONVERSION = YES;
				CLANG_WARN_DEPRECATED_OBJC_IMPLEMENTATIONS = YES;
				CLANG_WARN_DIRECT_OBJC_ISA_USAGE = YES_ERROR;
				CLANG_WARN_DOCUMENTATION_COMMENTS = YES;
				CLANG_WARN_EMPTY_BODY = YES;
				CLANG_WARN_ENUM_CONVERSION = YES;
				CLANG_WARN_INFINITE_RECURSION = YES;
				CLANG_WARN_INT_CONVERSION = YES;
				CLANG_WARN_NON_LITERAL_NULL_CONVERSION = YES;
				CLANG_WARN_OBJC_IMPLICIT_RETAIN_SELF = YES;
				CLANG_WARN_OBJC_LITERAL_CONVERSION = YES;
				CLANG_WARN_OBJC_ROOT_CLASS = YES_ERROR;
				CLANG_WARN_QUOTED_INCLUDE_IN_FRAMEWORK_HEADER = YES;
				CLANG_WARN_RANGE_LOOP_ANALYSIS = YES;
				CLANG_WARN_STRICT_PROTOTYPES = YES;
				CLANG_WARN_SUSPICIOUS_MOVE = YES;
				CLANG_WARN_UNGUARDED_AVAILABILITY = YES_AGGRESSIVE;
				CLANG_WARN_UNREACHABLE_CODE = YES;
				CLANG_WARN__DUPLICATE_METHOD_MATCH = YES;
				COPY_PHASE_STRIP = NO;
				DEBUG_INFORMATION_FORMAT = dwarf;
				ENABLE_STRICT_OBJC_MSGSEND = YES;
				ENABLE_TESTABILITY = YES;
				ENABLE_USER_SCRIPT_SANDBOXING = YES;
				GCC_C_LANGUAGE_STANDARD = gnu17;
				GCC_DYNAMIC_NO_PIC = NO;
				GCC_NO_COMMON_BLOCKS = YES;
				GCC_OPTIMIZATION_LEVEL = 0;
				GCC_PREPROCESSOR_DEFINITIONS = (
					"DEBUG=1",
					"$(inherited)",
				);
				GCC_WARN_64_TO_32_BIT_CONVERSION = YES;
				GCC_WARN_ABOUT_RETURN_TYPE = YES_ERROR;
				GCC_WARN_UNDECLARED_SELECTOR = YES;
				GCC_WARN_UNINITIALIZED_AUTOS = YES_AGGRESSIVE;
				GCC_WARN_UNUSED_FUNCTION = YES;
				GCC_WARN_UNUSED_VARIABLE = YES;
				IPHONEOS_DEPLOYMENT_TARGET = 18.0;
				LOCALIZATION_PREFERS_STRING_CATALOGS = YES;
				MTL_ENABLE_DEBUG_INFO = INCLUDE_SOURCE;
				MTL_FAST_MATH = YES;
				ONLY_ACTIVE_ARCH = YES;
				SDKROOT = iphoneos;
				SWIFT_ACTIVE_COMPILATION_CONDITIONS = "DEBUG $(inherited)";
				SWIFT_OPTIMIZATION_LEVEL = "-Onone";
			};
			name = Debug;
		};
		FACCD9CD2CCAAFE1001DA47C /* Release */ = {
			isa = XCBuildConfiguration;
			buildSettings = {
				ALWAYS_SEARCH_USER_PATHS = NO;
				ASSETCATALOG_COMPILER_GENERATE_SWIFT_ASSET_SYMBOL_EXTENSIONS = YES;
				CLANG_ANALYZER_NONNULL = YES;
				CLANG_ANALYZER_NUMBER_OBJECT_CONVERSION = YES_AGGRESSIVE;
				CLANG_CXX_LANGUAGE_STANDARD = "gnu++20";
				CLANG_ENABLE_MODULES = YES;
				CLANG_ENABLE_OBJC_ARC = YES;
				CLANG_ENABLE_OBJC_WEAK = YES;
				CLANG_WARN_BLOCK_CAPTURE_AUTORELEASING = YES;
				CLANG_WARN_BOOL_CONVERSION = YES;
				CLANG_WARN_COMMA = YES;
				CLANG_WARN_CONSTANT_CONVERSION = YES;
				CLANG_WARN_DEPRECATED_OBJC_IMPLEMENTATIONS = YES;
				CLANG_WARN_DIRECT_OBJC_ISA_USAGE = YES_ERROR;
				CLANG_WARN_DOCUMENTATION_COMMENTS = YES;
				CLANG_WARN_EMPTY_BODY = YES;
				CLANG_WARN_ENUM_CONVERSION = YES;
				CLANG_WARN_INFINITE_RECURSION = YES;
				CLANG_WARN_INT_CONVERSION = YES;
				CLANG_WARN_NON_LITERAL_NULL_CONVERSION = YES;
				CLANG_WARN_OBJC_IMPLICIT_RETAIN_SELF = YES;
				CLANG_WARN_OBJC_LITERAL_CONVERSION = YES;
				CLANG_WARN_OBJC_ROOT_CLASS = YES_ERROR;
				CLANG_WARN_QUOTED_INCLUDE_IN_FRAMEWORK_HEADER = YES;
				CLANG_WARN_RANGE_LOOP_ANALYSIS = YES;
				CLANG_WARN_STRICT_PROTOTYPES = YES;
				CLANG_WARN_SUSPICIOUS_MOVE = YES;
				CLANG_WARN_UNGUARDED_AVAILABILITY = YES_AGGRESSIVE;
				CLANG_WARN_UNREACHABLE_CODE = YES;
				CLANG_WARN__DUPLICATE_METHOD_MATCH = YES;
				COPY_PHASE_STRIP = NO;
				DEBUG_INFORMATION_FORMAT = "dwarf-with-dsym";
				ENABLE_NS_ASSERTIONS = NO;
				ENABLE_STRICT_OBJC_MSGSEND = YES;
				ENABLE_USER_SCRIPT_SANDBOXING = YES;
				GCC_C_LANGUAGE_STANDARD = gnu17;
				GCC_NO_COMMON_BLOCKS = YES;
				GCC_WARN_64_TO_32_BIT_CONVERSION = YES;
				GCC_WARN_ABOUT_RETURN_TYPE = YES_ERROR;
				GCC_WARN_UNDECLARED_SELECTOR = YES;
				GCC_WARN_UNINITIALIZED_AUTOS = YES_AGGRESSIVE;
				GCC_WARN_UNUSED_FUNCTION = YES;
				GCC_WARN_UNUSED_VARIABLE = YES;
				IPHONEOS_DEPLOYMENT_TARGET = 18.0;
				LOCALIZATION_PREFERS_STRING_CATALOGS = YES;
				MTL_ENABLE_DEBUG_INFO = NO;
				MTL_FAST_MATH = YES;
				SDKROOT = iphoneos;
				SWIFT_COMPILATION_MODE = wholemodule;
				VALIDATE_PRODUCT = YES;
			};
			name = Release;
		};
		FACCD9CF2CCAAFE1001DA47C /* Debug */ = {
			isa = XCBuildConfiguration;
			buildSettings = {
				ASSETCATALOG_COMPILER_APPICON_NAME = AppIcon;
				ASSETCATALOG_COMPILER_GLOBAL_ACCENT_COLOR_NAME = AccentColor;
				CODE_SIGN_STYLE = Automatic;
				CURRENT_PROJECT_VERSION = 1;
				DEVELOPMENT_ASSET_PATHS = "\"lidarTest/Preview Content\"";
				DEVELOPMENT_TEAM = WL2KNG8MVT;
				ENABLE_PREVIEWS = YES;
				GENERATE_INFOPLIST_FILE = YES;
				INFOPLIST_KEY_NSCameraUsageDescription = "This app needs access to the camera to check the LiDAR sensor.";
				INFOPLIST_KEY_NSMotionUsageDescription = "This app requires access to motion sensors for enhanced AR experiences.";
				INFOPLIST_KEY_UIApplicationSceneManifest_Generation = YES;
				INFOPLIST_KEY_UIApplicationSupportsIndirectInputEvents = YES;
				INFOPLIST_KEY_UILaunchScreen_Generation = YES;
				INFOPLIST_KEY_UISupportedInterfaceOrientations_iPad = "UIInterfaceOrientationPortrait UIInterfaceOrientationPortraitUpsideDown UIInterfaceOrientationLandscapeLeft UIInterfaceOrientationLandscapeRight";
				INFOPLIST_KEY_UISupportedInterfaceOrientations_iPhone = "UIInterfaceOrientationPortrait UIInterfaceOrientationLandscapeLeft UIInterfaceOrientationLandscapeRight";
				LD_RUNPATH_SEARCH_PATHS = (
					"$(inherited)",
					"@executable_path/Frameworks",
				);
				MARKETING_VERSION = 1.0;
				PRODUCT_BUNDLE_IDENTIFIER = com.lidarTest;
				PRODUCT_NAME = "$(TARGET_NAME)";
				SWIFT_EMIT_LOC_STRINGS = YES;
				SWIFT_VERSION = 5.0;
				TARGETED_DEVICE_FAMILY = "1,2";
			};
			name = Debug;
		};
		FACCD9D02CCAAFE1001DA47C /* Release */ = {
			isa = XCBuildConfiguration;
			buildSettings = {
				ASSETCATALOG_COMPILER_APPICON_NAME = AppIcon;
				ASSETCATALOG_COMPILER_GLOBAL_ACCENT_COLOR_NAME = AccentColor;
				CODE_SIGN_STYLE = Automatic;
				CURRENT_PROJECT_VERSION = 1;
				DEVELOPMENT_ASSET_PATHS = "\"lidarTest/Preview Content\"";
				DEVELOPMENT_TEAM = WL2KNG8MVT;
				ENABLE_PREVIEWS = YES;
				GENERATE_INFOPLIST_FILE = YES;
				INFOPLIST_KEY_NSCameraUsageDescription = "This app needs access to the camera to check the LiDAR sensor.";
				INFOPLIST_KEY_NSMotionUsageDescription = "This app requires access to motion sensors for enhanced AR experiences.";
				INFOPLIST_KEY_UIApplicationSceneManifest_Generation = YES;
				INFOPLIST_KEY_UIApplicationSupportsIndirectInputEvents = YES;
				INFOPLIST_KEY_UILaunchScreen_Generation = YES;
				INFOPLIST_KEY_UISupportedInterfaceOrientations_iPad = "UIInterfaceOrientationPortrait UIInterfaceOrientationPortraitUpsideDown UIInterfaceOrientationLandscapeLeft UIInterfaceOrientationLandscapeRight";
				INFOPLIST_KEY_UISupportedInterfaceOrientations_iPhone = "UIInterfaceOrientationPortrait UIInterfaceOrientationLandscapeLeft UIInterfaceOrientationLandscapeRight";
				LD_RUNPATH_SEARCH_PATHS = (
					"$(inherited)",
					"@executable_path/Frameworks",
				);
				MARKETING_VERSION = 1.0;
				PRODUCT_BUNDLE_IDENTIFIER = com.lidarTest;
				PRODUCT_NAME = "$(TARGET_NAME)";
				SWIFT_EMIT_LOC_STRINGS = YES;
				SWIFT_VERSION = 5.0;
				TARGETED_DEVICE_FAMILY = "1,2";
			};
			name = Release;
		};
		FACCD9D22CCAAFE1001DA47C /* Debug */ = {
			isa = XCBuildConfiguration;
			buildSettings = {
				BUNDLE_LOADER = "$(TEST_HOST)";
				CODE_SIGN_STYLE = Automatic;
				CURRENT_PROJECT_VERSION = 1;
				DEVELOPMENT_TEAM = WL2KNG8MVT;
				GENERATE_INFOPLIST_FILE = YES;
				IPHONEOS_DEPLOYMENT_TARGET = 18.0;
				MARKETING_VERSION = 1.0;
				PRODUCT_BUNDLE_IDENTIFIER = com.lidarTestTests;
				PRODUCT_NAME = "$(TARGET_NAME)";
				SWIFT_EMIT_LOC_STRINGS = NO;
				SWIFT_VERSION = 5.0;
				TARGETED_DEVICE_FAMILY = "1,2";
				TEST_HOST = "$(BUILT_PRODUCTS_DIR)/lidarTest.app/$(BUNDLE_EXECUTABLE_FOLDER_PATH)/lidarTest";
			};
			name = Debug;
		};
		FACCD9D32CCAAFE1001DA47C /* Release */ = {
			isa = XCBuildConfiguration;
			buildSettings = {
				BUNDLE_LOADER = "$(TEST_HOST)";
				CODE_SIGN_STYLE = Automatic;
				CURRENT_PROJECT_VERSION = 1;
				DEVELOPMENT_TEAM = WL2KNG8MVT;
				GENERATE_INFOPLIST_FILE = YES;
				IPHONEOS_DEPLOYMENT_TARGET = 18.0;
				MARKETING_VERSION = 1.0;
				PRODUCT_BUNDLE_IDENTIFIER = com.lidarTestTests;
				PRODUCT_NAME = "$(TARGET_NAME)";
				SWIFT_EMIT_LOC_STRINGS = NO;
				SWIFT_VERSION = 5.0;
				TARGETED_DEVICE_FAMILY = "1,2";
				TEST_HOST = "$(BUILT_PRODUCTS_DIR)/lidarTest.app/$(BUNDLE_EXECUTABLE_FOLDER_PATH)/lidarTest";
			};
			name = Release;
		};
		FACCD9D52CCAAFE1001DA47C /* Debug */ = {
			isa = XCBuildConfiguration;
			buildSettings = {
				CODE_SIGN_STYLE = Automatic;
				CURRENT_PROJECT_VERSION = 1;
				DEVELOPMENT_TEAM = WL2KNG8MVT;
				GENERATE_INFOPLIST_FILE = YES;
				MARKETING_VERSION = 1.0;
				PRODUCT_BUNDLE_IDENTIFIER = com.lidarTestUITests;
				PRODUCT_NAME = "$(TARGET_NAME)";
				SWIFT_EMIT_LOC_STRINGS = NO;
				SWIFT_VERSION = 5.0;
				TARGETED_DEVICE_FAMILY = "1,2";
				TEST_TARGET_NAME = lidarTest;
			};
			name = Debug;
		};
		FACCD9D62CCAAFE1001DA47C /* Release */ = {
			isa = XCBuildConfiguration;
			buildSettings = {
				CODE_SIGN_STYLE = Automatic;
				CURRENT_PROJECT_VERSION = 1;
				DEVELOPMENT_TEAM = WL2KNG8MVT;
				GENERATE_INFOPLIST_FILE = YES;
				MARKETING_VERSION = 1.0;
				PRODUCT_BUNDLE_IDENTIFIER = com.lidarTestUITests;
				PRODUCT_NAME = "$(TARGET_NAME)";
				SWIFT_EMIT_LOC_STRINGS = NO;
				SWIFT_VERSION = 5.0;
				TARGETED_DEVICE_FAMILY = "1,2";
				TEST_TARGET_NAME = lidarTest;
			};
			name = Release;
		};
/* End XCBuildConfiguration section */

/* Begin XCConfigurationList section */
		FACCD9A52CCAAFDF001DA47C /* Build configuration list for PBXProject "lidarTest" */ = {
			isa = XCConfigurationList;
			buildConfigurations = (
				FACCD9CC2CCAAFE1001DA47C /* Debug */,
				FACCD9CD2CCAAFE1001DA47C /* Release */,
			);
			defaultConfigurationIsVisible = 0;
			defaultConfigurationName = Release;
		};
		FACCD9CE2CCAAFE1001DA47C /* Build configuration list for PBXNativeTarget "lidarTest" */ = {
			isa = XCConfigurationList;
			buildConfigurations = (
				FACCD9CF2CCAAFE1001DA47C /* Debug */,
				FACCD9D02CCAAFE1001DA47C /* Release */,
			);
			defaultConfigurationIsVisible = 0;
			defaultConfigurationName = Release;
		};
		FACCD9D12CCAAFE1001DA47C /* Build configuration list for PBXNativeTarget "lidarTestTests" */ = {
			isa = XCConfigurationList;
			buildConfigurations = (
				FACCD9D22CCAAFE1001DA47C /* Debug */,
				FACCD9D32CCAAFE1001DA47C /* Release */,
			);
			defaultConfigurationIsVisible = 0;
			defaultConfigurationName = Release;
		};
		FACCD9D42CCAAFE1001DA47C /* Build configuration list for PBXNativeTarget "lidarTestUITests" */ = {
			isa = XCConfigurationList;
			buildConfigurations = (
				FACCD9D52CCAAFE1001DA47C /* Debug */,
				FACCD9D62CCAAFE1001DA47C /* Release */,
			);
			defaultConfigurationIsVisible = 0;
			defaultConfigurationName = Release;
		};
/* End XCConfigurationList section */
	};
	rootObject = FACCD9A22CCAAFDF001DA47C /* Project object */;
}
